{
  "name": "models-importer",
  "version": "1.0.0",
  "lockfileVersion": 1,
  "requires": true,
  "dependencies": {
    "crocks": {
      "version": "0.12.4",
      "resolved": "https://registry.npmjs.org/crocks/-/crocks-0.12.4.tgz",
      "integrity": "sha512-paln6xJUrR9e/OWMFsyTi4dLyr+q99C5f7PQbGgSDHtwsfW0sCNZvnpHzvniI2dAE0uoBgeIP1Ukmme8Z0HxxA=="
    }
  }
}
